
Microsoft Visual Studio Solution File, Format Version 12.00
# Visual Studio Version 16
VisualStudioVersion = 16.0.30011.22
MinimumVisualStudioVersion = 10.0.40219.1
Project("{FAE04EC0-301F-11D3-BF4B-00C04F79EFBC}") = "self_hosting_service", "self_hosting_service\self_hosting_service.csproj", "{42ECD1F4-E0EF-4FEB-A466-5732B28CC0DB}"
EndProject
Global
	GlobalSection(SolutionConfigurationPlatforms) = preSolution
		Debug|Any CPU = Debug|Any CPU
		Release|Any CPU = Release|Any CPU
	EndGlobalSection
	GlobalSection(ProjectConfigurationPlatforms) = postSolution
		{42ECD1F4-E0EF-4FEB-A466-5732B28CC0DB}.Debug|Any CPU.ActiveCfg = Debug|Any CPU
		{42ECD1F4-E0EF-4FEB-A466-5732B28CC0DB}.Debug|Any CPU.Build.0 = Debug|Any CPU
		{42ECD1F4-E0EF-4FEB-A466-5732B28CC0DB}.Release|Any CPU.ActiveCfg = Release|Any CPU
		{42ECD1F4-E0EF-4FEB-A466-5732B28CC0DB}.Release|Any CPU.Build.0 = Release|Any CPU
	EndGlobalSection
	GlobalSection(SolutionProperties) = preSolution
		HideSolutionNode = FALSE
	EndGlobalSection
	GlobalSection(ExtensibilityGlobals) = postSolution
		SolutionGuid = {AA830F2B-078F-41C4-9831-59251FC2AF55}
	EndGlobalSection
EndGlobal
